
Microsoft Visual Studio Solution File, Format Version 12.00
# Visual Studio Version 17
VisualStudioVersion = 17.11.35327.3
MinimumVisualStudioVersion = 10.0.40219.1
Project("{FAE04EC0-301F-11D3-BF4B-00C04F79EFBC}") = "WebApp", "WebApp\WebApp.csproj", "{625C28EE-1E62-462E-94F3-A19485CAA564}"
EndProject
Global
	GlobalSection(SolutionConfigurationPlatforms) = preSolution
		Debug|Any CPU = Debug|Any CPU
		Release|Any CPU = Release|Any CPU
	EndGlobalSection
	GlobalSection(ProjectConfigurationPlatforms) = postSolution
		{625C28EE-1E62-462E-94F3-A19485CAA564}.Debug|Any CPU.ActiveCfg = Debug|Any CPU
		{625C28EE-1E62-462E-94F3-A19485CAA564}.Debug|Any CPU.Build.0 = Debug|Any CPU
		{625C28EE-1E62-462E-94F3-A19485CAA564}.Release|Any CPU.ActiveCfg = Release|Any CPU
		{625C28EE-1E62-462E-94F3-A19485CAA564}.Release|Any CPU.Build.0 = Release|Any CPU
	EndGlobalSection
	GlobalSection(SolutionProperties) = preSolution
		HideSolutionNode = FALSE
	EndGlobalSection
	GlobalSection(ExtensibilityGlobals) = postSolution
		SolutionGuid = {D280FDD9-869D-4A60-A192-8198CDB8238B}
	EndGlobalSection
EndGlobal
